
Microsoft Visual Studio Solution File, Format Version 12.00
# Visual Studio Version 16
VisualStudioVersion = 16.0.29806.167
MinimumVisualStudioVersion = 10.0.40219.1
Project("{FAE04EC0-301F-11D3-BF4B-00C04F79EFBC}") = "PowerBI", "PowerBI\PowerBI.csproj", "{E3B4766F-4428-408D-AC60-012D9199BC28}"
EndProject
Project("{FAE04EC0-301F-11D3-BF4B-00C04F79EFBC}") = "PowerBI.Models", "PowerBI.Models\PowerBI.Models.csproj", "{50623759-86F2-434D-8838-F19AD25EAABE}"
EndProject
Project("{FAE04EC0-301F-11D3-BF4B-00C04F79EFBC}") = "PowerBI.Services", "PowerBI.Services\PowerBI.Services.csproj", "{1BD72203-F589-4EEF-BA1F-868FFE2954FA}"
EndProject
Global
	GlobalSection(SolutionConfigurationPlatforms) = preSolution
		Debug|Any CPU = Debug|Any CPU
		Release|Any CPU = Release|Any CPU
	EndGlobalSection
	GlobalSection(ProjectConfigurationPlatforms) = postSolution
		{E3B4766F-4428-408D-AC60-012D9199BC28}.Debug|Any CPU.ActiveCfg = Debug|Any CPU
		{E3B4766F-4428-408D-AC60-012D9199BC28}.Debug|Any CPU.Build.0 = Debug|Any CPU
		{E3B4766F-4428-408D-AC60-012D9199BC28}.Release|Any CPU.ActiveCfg = Release|Any CPU
		{E3B4766F-4428-408D-AC60-012D9199BC28}.Release|Any CPU.Build.0 = Release|Any CPU
		{50623759-86F2-434D-8838-F19AD25EAABE}.Debug|Any CPU.ActiveCfg = Debug|Any CPU
		{50623759-86F2-434D-8838-F19AD25EAABE}.Debug|Any CPU.Build.0 = Debug|Any CPU
		{50623759-86F2-434D-8838-F19AD25EAABE}.Release|Any CPU.ActiveCfg = Release|Any CPU
		{50623759-86F2-434D-8838-F19AD25EAABE}.Release|Any CPU.Build.0 = Release|Any CPU
		{1BD72203-F589-4EEF-BA1F-868FFE2954FA}.Debug|Any CPU.ActiveCfg = Debug|Any CPU
		{1BD72203-F589-4EEF-BA1F-868FFE2954FA}.Debug|Any CPU.Build.0 = Debug|Any CPU
		{1BD72203-F589-4EEF-BA1F-868FFE2954FA}.Release|Any CPU.ActiveCfg = Release|Any CPU
		{1BD72203-F589-4EEF-BA1F-868FFE2954FA}.Release|Any CPU.Build.0 = Release|Any CPU
	EndGlobalSection
	GlobalSection(SolutionProperties) = preSolution
		HideSolutionNode = FALSE
	EndGlobalSection
	GlobalSection(ExtensibilityGlobals) = postSolution
		SolutionGuid = {65D15764-DB7C-42FB-A924-91B1BCC055D0}
	EndGlobalSection
EndGlobal
